
Microsoft Visual Studio Solution File, Format Version 12.00
# Visual Studio Version 16
VisualStudioVersion = 16.0.30225.117
MinimumVisualStudioVersion = 10.0.40219.1
Project("{FAE04EC0-301F-11D3-BF4B-00C04F79EFBC}") = "SamlEmulator", "SamlEmulator\SamlEmulator.csproj", "{75500D45-DA62-45C8-8A1D-1AB3D100D199}"
EndProject
Global
	GlobalSection(SolutionConfigurationPlatforms) = preSolution
		Debug|Any CPU = Debug|Any CPU
		Release|Any CPU = Release|Any CPU
	EndGlobalSection
	GlobalSection(ProjectConfigurationPlatforms) = postSolution
		{75500D45-DA62-45C8-8A1D-1AB3D100D199}.Debug|Any CPU.ActiveCfg = Debug|Any CPU
		{75500D45-DA62-45C8-8A1D-1AB3D100D199}.Debug|Any CPU.Build.0 = Debug|Any CPU
		{75500D45-DA62-45C8-8A1D-1AB3D100D199}.Release|Any CPU.ActiveCfg = Release|Any CPU
		{75500D45-DA62-45C8-8A1D-1AB3D100D199}.Release|Any CPU.Build.0 = Release|Any CPU
	EndGlobalSection
	GlobalSection(SolutionProperties) = preSolution
		HideSolutionNode = FALSE
	EndGlobalSection
	GlobalSection(ExtensibilityGlobals) = postSolution
		SolutionGuid = {B1585476-2592-48DA-BF95-83FDBB4C1BD4}
	EndGlobalSection
EndGlobal
